
Microsoft Visual Studio Solution File, Format Version 12.00
# Visual Studio 15
VisualStudioVersion = 15.0.28307.421
MinimumVisualStudioVersion = 10.0.40219.1
Project("{FAE04EC0-301F-11D3-BF4B-00C04F79EFBC}") = "My First App", "My First App\My First App.csproj", "{33F4A987-5F3C-498E-9E8A-C578E13506D1}"
EndProject
Global
	GlobalSection(SolutionConfigurationPlatforms) = preSolution
		Debug|Any CPU = Debug|Any CPU
		Release|Any CPU = Release|Any CPU
	EndGlobalSection
	GlobalSection(ProjectConfigurationPlatforms) = postSolution
		{33F4A987-5F3C-498E-9E8A-C578E13506D1}.Debug|Any CPU.ActiveCfg = Debug|Any CPU
		{33F4A987-5F3C-498E-9E8A-C578E13506D1}.Debug|Any CPU.Build.0 = Debug|Any CPU
		{33F4A987-5F3C-498E-9E8A-C578E13506D1}.Release|Any CPU.ActiveCfg = Release|Any CPU
		{33F4A987-5F3C-498E-9E8A-C578E13506D1}.Release|Any CPU.Build.0 = Release|Any CPU
	EndGlobalSection
	GlobalSection(SolutionProperties) = preSolution
		HideSolutionNode = FALSE
	EndGlobalSection
	GlobalSection(ExtensibilityGlobals) = postSolution
		SolutionGuid = {F2BC6297-6447-4E77-B35C-6AC587F571D2}
	EndGlobalSection
EndGlobal
